
Microsoft Visual Studio Solution File, Format Version 12.00
# Visual Studio Version 17
VisualStudioVersion = 17.11.35222.181
MinimumVisualStudioVersion = 10.0.40219.1
Project("{FAE04EC0-301F-11D3-BF4B-00C04F79EFBC}") = "MiWebAPI", "MiWebAPI\MiWebAPI.csproj", "{8FFF761A-FD6B-415F-B686-4B2FAB4A062D}"
EndProject
Project("{FAE04EC0-301F-11D3-BF4B-00C04F79EFBC}") = "MiWebAPI.Tests", "MiWebAPI.Tests\MiWebAPI.Tests.csproj", "{A7A9390D-2366-44BA-BAB5-FF4D8AF8603B}"
EndProject
Project("{2150E333-8FDC-42A3-9474-1A3956D46DE8}") = ".github", ".github", "{D7CC1489-4166-4EE0-A7CF-B4DBA2340CD5}"
EndProject
Project("{2150E333-8FDC-42A3-9474-1A3956D46DE8}") = "workflows", "workflows", "{BB6DA910-F4C5-4E9E-ABE2-DD55F7A5B825}"
	ProjectSection(SolutionItems) = preProject
		build-test.yml = build-test.yml
		deploy-release.yml = deploy-release.yml
	EndProjectSection
EndProject
Global
	GlobalSection(SolutionConfigurationPlatforms) = preSolution
		Debug|Any CPU = Debug|Any CPU
		Release|Any CPU = Release|Any CPU
	EndGlobalSection
	GlobalSection(ProjectConfigurationPlatforms) = postSolution
		{8FFF761A-FD6B-415F-B686-4B2FAB4A062D}.Debug|Any CPU.ActiveCfg = Debug|Any CPU
		{8FFF761A-FD6B-415F-B686-4B2FAB4A062D}.Debug|Any CPU.Build.0 = Debug|Any CPU
		{8FFF761A-FD6B-415F-B686-4B2FAB4A062D}.Release|Any CPU.ActiveCfg = Release|Any CPU
		{8FFF761A-FD6B-415F-B686-4B2FAB4A062D}.Release|Any CPU.Build.0 = Release|Any CPU
		{A7A9390D-2366-44BA-BAB5-FF4D8AF8603B}.Debug|Any CPU.ActiveCfg = Debug|Any CPU
		{A7A9390D-2366-44BA-BAB5-FF4D8AF8603B}.Debug|Any CPU.Build.0 = Debug|Any CPU
		{A7A9390D-2366-44BA-BAB5-FF4D8AF8603B}.Release|Any CPU.ActiveCfg = Release|Any CPU
		{A7A9390D-2366-44BA-BAB5-FF4D8AF8603B}.Release|Any CPU.Build.0 = Release|Any CPU
	EndGlobalSection
	GlobalSection(SolutionProperties) = preSolution
		HideSolutionNode = FALSE
	EndGlobalSection
	GlobalSection(NestedProjects) = preSolution
		{BB6DA910-F4C5-4E9E-ABE2-DD55F7A5B825} = {D7CC1489-4166-4EE0-A7CF-B4DBA2340CD5}
	EndGlobalSection
	GlobalSection(ExtensibilityGlobals) = postSolution
		SolutionGuid = {3A4B4FFF-084F-4614-B693-84C15C94A0FB}
	EndGlobalSection
EndGlobal
